
Microsoft Visual Studio Solution File, Format Version 12.00
# Visual Studio Version 16
VisualStudioVersion = 16.0.31410.357
MinimumVisualStudioVersion = 10.0.40219.1
Project("{FAE04EC0-301F-11D3-BF4B-00C04F79EFBC}") = "TicTacToeProblem", "TicTacToeProblem\TicTacToeProblem.csproj", "{EFB543E2-F6B9-45C7-8A54-D4E25B0BF353}"
EndProject
Global
	GlobalSection(SolutionConfigurationPlatforms) = preSolution
		Debug|Any CPU = Debug|Any CPU
		Release|Any CPU = Release|Any CPU
	EndGlobalSection
	GlobalSection(ProjectConfigurationPlatforms) = postSolution
		{EFB543E2-F6B9-45C7-8A54-D4E25B0BF353}.Debug|Any CPU.ActiveCfg = Debug|Any CPU
		{EFB543E2-F6B9-45C7-8A54-D4E25B0BF353}.Debug|Any CPU.Build.0 = Debug|Any CPU
		{EFB543E2-F6B9-45C7-8A54-D4E25B0BF353}.Release|Any CPU.ActiveCfg = Release|Any CPU
		{EFB543E2-F6B9-45C7-8A54-D4E25B0BF353}.Release|Any CPU.Build.0 = Release|Any CPU
	EndGlobalSection
	GlobalSection(SolutionProperties) = preSolution
		HideSolutionNode = FALSE
	EndGlobalSection
	GlobalSection(ExtensibilityGlobals) = postSolution
		SolutionGuid = {8206861F-A52B-452A-A797-A377441BD0A6}
	EndGlobalSection
EndGlobal
